
Microsoft Visual Studio Solution File, Format Version 12.00
# Visual Studio Version 17
VisualStudioVersion = 17.2.32630.192
MinimumVisualStudioVersion = 10.0.40219.1
Project("{9A19103F-16F7-4668-BE54-9A1E7A4F7556}") = "R5T.T0050", "R5T.T0050\R5T.T0050.csproj", "{276C8013-26C1-4F3D-8566-A817D0B14847}"
EndProject
Project("{2150E333-8FDC-42A3-9474-1A3956D46DE8}") = "_Dependencies", "_Dependencies", "{30DF3136-DA0F-41F6-B502-64033BF47962}"
EndProject
Project("{9A19103F-16F7-4668-BE54-9A1E7A4F7556}") = "R5T.Magyar", "..\..\R5T.Magyar\source\R5T.Magyar\R5T.Magyar.csproj", "{5DB43AA1-AECD-4A80-80B7-D0E1E58E914D}"
EndProject
Project("{9A19103F-16F7-4668-BE54-9A1E7A4F7556}") = "R5T.Stagira", "..\..\R5T.Stagira\source\R5T.Stagira\R5T.Stagira.csproj", "{A7459EFA-C744-4BDD-902B-B3CF66B6B317}"
EndProject
Project("{9A19103F-16F7-4668-BE54-9A1E7A4F7556}") = "R5T.T0150", "..\..\R5T.T0150\source\R5T.T0150\R5T.T0150.csproj", "{D2A9145B-D9D7-4EA4-BBBB-301C7B70B49B}"
EndProject
Global
	GlobalSection(SolutionConfigurationPlatforms) = preSolution
		Debug|Any CPU = Debug|Any CPU
		Debug|x64 = Debug|x64
		Debug|x86 = Debug|x86
		Release|Any CPU = Release|Any CPU
		Release|x64 = Release|x64
		Release|x86 = Release|x86
	EndGlobalSection
	GlobalSection(ProjectConfigurationPlatforms) = postSolution
		{276C8013-26C1-4F3D-8566-A817D0B14847}.Debug|Any CPU.ActiveCfg = Debug|Any CPU
		{276C8013-26C1-4F3D-8566-A817D0B14847}.Debug|Any CPU.Build.0 = Debug|Any CPU
		{276C8013-26C1-4F3D-8566-A817D0B14847}.Debug|x64.ActiveCfg = Debug|Any CPU
		{276C8013-26C1-4F3D-8566-A817D0B14847}.Debug|x64.Build.0 = Debug|Any CPU
		{276C8013-26C1-4F3D-8566-A817D0B14847}.Debug|x86.ActiveCfg = Debug|Any CPU
		{276C8013-26C1-4F3D-8566-A817D0B14847}.Debug|x86.Build.0 = Debug|Any CPU
		{276C8013-26C1-4F3D-8566-A817D0B14847}.Release|Any CPU.ActiveCfg = Release|Any CPU
		{276C8013-26C1-4F3D-8566-A817D0B14847}.Release|Any CPU.Build.0 = Release|Any CPU
		{276C8013-26C1-4F3D-8566-A817D0B14847}.Release|x64.ActiveCfg = Release|Any CPU
		{276C8013-26C1-4F3D-8566-A817D0B14847}.Release|x64.Build.0 = Release|Any CPU
		{276C8013-26C1-4F3D-8566-A817D0B14847}.Release|x86.ActiveCfg = Release|Any CPU
		{276C8013-26C1-4F3D-8566-A817D0B14847}.Release|x86.Build.0 = Release|Any CPU
		{5DB43AA1-AECD-4A80-80B7-D0E1E58E914D}.Debug|Any CPU.ActiveCfg = Debug|Any CPU
		{5DB43AA1-AECD-4A80-80B7-D0E1E58E914D}.Debug|Any CPU.Build.0 = Debug|Any CPU
		{5DB43AA1-AECD-4A80-80B7-D0E1E58E914D}.Debug|x64.ActiveCfg = Debug|Any CPU
		{5DB43AA1-AECD-4A80-80B7-D0E1E58E914D}.Debug|x64.Build.0 = Debug|Any CPU
		{5DB43AA1-AECD-4A80-80B7-D0E1E58E914D}.Debug|x86.ActiveCfg = Debug|Any CPU
		{5DB43AA1-AECD-4A80-80B7-D0E1E58E914D}.Debug|x86.Build.0 = Debug|Any CPU
		{5DB43AA1-AECD-4A80-80B7-D0E1E58E914D}.Release|Any CPU.ActiveCfg = Release|Any CPU
		{5DB43AA1-AECD-4A80-80B7-D0E1E58E914D}.Release|Any CPU.Build.0 = Release|Any CPU
		{5DB43AA1-AECD-4A80-80B7-D0E1E58E914D}.Release|x64.ActiveCfg = Release|Any CPU
		{5DB43AA1-AECD-4A80-80B7-D0E1E58E914D}.Release|x64.Build.0 = Release|Any CPU
		{5DB43AA1-AECD-4A80-80B7-D0E1E58E914D}.Release|x86.ActiveCfg = Release|Any CPU
		{5DB43AA1-AECD-4A80-80B7-D0E1E58E914D}.Release|x86.Build.0 = Release|Any CPU
		{A7459EFA-C744-4BDD-902B-B3CF66B6B317}.Debug|Any CPU.ActiveCfg = Debug|Any CPU
		{A7459EFA-C744-4BDD-902B-B3CF66B6B317}.Debug|Any CPU.Build.0 = Debug|Any CPU
		{A7459EFA-C744-4BDD-902B-B3CF66B6B317}.Debug|x64.ActiveCfg = Debug|Any CPU
		{A7459EFA-C744-4BDD-902B-B3CF66B6B317}.Debug|x64.Build.0 = Debug|Any CPU
		{A7459EFA-C744-4BDD-902B-B3CF66B6B317}.Debug|x86.ActiveCfg = Debug|Any CPU
		{A7459EFA-C744-4BDD-902B-B3CF66B6B317}.Debug|x86.Build.0 = Debug|Any CPU
		{A7459EFA-C744-4BDD-902B-B3CF66B6B317}.Release|Any CPU.ActiveCfg = Release|Any CPU
		{A7459EFA-C744-4BDD-902B-B3CF66B6B317}.Release|Any CPU.Build.0 = Release|Any CPU
		{A7459EFA-C744-4BDD-902B-B3CF66B6B317}.Release|x64.ActiveCfg = Release|Any CPU
		{A7459EFA-C744-4BDD-902B-B3CF66B6B317}.Release|x64.Build.0 = Release|Any CPU
		{A7459EFA-C744-4BDD-902B-B3CF66B6B317}.Release|x86.ActiveCfg = Release|Any CPU
		{A7459EFA-C744-4BDD-902B-B3CF66B6B317}.Release|x86.Build.0 = Release|Any CPU
		{D2A9145B-D9D7-4EA4-BBBB-301C7B70B49B}.Debug|Any CPU.ActiveCfg = Debug|Any CPU
		{D2A9145B-D9D7-4EA4-BBBB-301C7B70B49B}.Debug|Any CPU.Build.0 = Debug|Any CPU
		{D2A9145B-D9D7-4EA4-BBBB-301C7B70B49B}.Debug|x64.ActiveCfg = Debug|Any CPU
		{D2A9145B-D9D7-4EA4-BBBB-301C7B70B49B}.Debug|x64.Build.0 = Debug|Any CPU
		{D2A9145B-D9D7-4EA4-BBBB-301C7B70B49B}.Debug|x86.ActiveCfg = Debug|Any CPU
		{D2A9145B-D9D7-4EA4-BBBB-301C7B70B49B}.Debug|x86.Build.0 = Debug|Any CPU
		{D2A9145B-D9D7-4EA4-BBBB-301C7B70B49B}.Release|Any CPU.ActiveCfg = Release|Any CPU
		{D2A9145B-D9D7-4EA4-BBBB-301C7B70B49B}.Release|Any CPU.Build.0 = Release|Any CPU
		{D2A9145B-D9D7-4EA4-BBBB-301C7B70B49B}.Release|x64.ActiveCfg = Release|Any CPU
		{D2A9145B-D9D7-4EA4-BBBB-301C7B70B49B}.Release|x64.Build.0 = Release|Any CPU
		{D2A9145B-D9D7-4EA4-BBBB-301C7B70B49B}.Release|x86.ActiveCfg = Release|Any CPU
		{D2A9145B-D9D7-4EA4-BBBB-301C7B70B49B}.Release|x86.Build.0 = Release|Any CPU
	EndGlobalSection
	GlobalSection(SolutionProperties) = preSolution
		HideSolutionNode = FALSE
	EndGlobalSection
	GlobalSection(NestedProjects) = preSolution
		{5DB43AA1-AECD-4A80-80B7-D0E1E58E914D} = {30DF3136-DA0F-41F6-B502-64033BF47962}
		{A7459EFA-C744-4BDD-902B-B3CF66B6B317} = {30DF3136-DA0F-41F6-B502-64033BF47962}
		{D2A9145B-D9D7-4EA4-BBBB-301C7B70B49B} = {30DF3136-DA0F-41F6-B502-64033BF47962}
	EndGlobalSection
	GlobalSection(ExtensibilityGlobals) = postSolution
		SolutionGuid = {F8B739AA-5FC0-4803-9A69-08F383171071}
	EndGlobalSection
EndGlobal
